
Microsoft Visual Studio Solution File, Format Version 12.00
# Visual Studio Version 16
VisualStudioVersion = 16.6.30114.105
MinimumVisualStudioVersion = 10.0.40219.1
Project("{FAE04EC0-301F-11D3-BF4B-00C04F79EFBC}") = "SportsStore", "SportsStore\SportsStore.csproj", "{E6FAC357-45D0-4C6A-8AE1-DB8C7A011B80}"
EndProject
Project("{FAE04EC0-301F-11D3-BF4B-00C04F79EFBC}") = "SportsStore.Tests", "SportsStore.Tests\SportsStore.Tests.csproj", "{2F4D598B-9EFA-4B29-A917-B13C5B78000F}"
EndProject
Global
	GlobalSection(SolutionConfigurationPlatforms) = preSolution
		Debug|Any CPU = Debug|Any CPU
		Debug|x64 = Debug|x64
		Debug|x86 = Debug|x86
		Release|Any CPU = Release|Any CPU
		Release|x64 = Release|x64
		Release|x86 = Release|x86
	EndGlobalSection
	GlobalSection(SolutionProperties) = preSolution
		HideSolutionNode = FALSE
	EndGlobalSection
	GlobalSection(ProjectConfigurationPlatforms) = postSolution
		{E6FAC357-45D0-4C6A-8AE1-DB8C7A011B80}.Debug|Any CPU.ActiveCfg = Debug|Any CPU
		{E6FAC357-45D0-4C6A-8AE1-DB8C7A011B80}.Debug|Any CPU.Build.0 = Debug|Any CPU
		{E6FAC357-45D0-4C6A-8AE1-DB8C7A011B80}.Debug|x64.ActiveCfg = Debug|Any CPU
		{E6FAC357-45D0-4C6A-8AE1-DB8C7A011B80}.Debug|x64.Build.0 = Debug|Any CPU
		{E6FAC357-45D0-4C6A-8AE1-DB8C7A011B80}.Debug|x86.ActiveCfg = Debug|Any CPU
		{E6FAC357-45D0-4C6A-8AE1-DB8C7A011B80}.Debug|x86.Build.0 = Debug|Any CPU
		{E6FAC357-45D0-4C6A-8AE1-DB8C7A011B80}.Release|Any CPU.ActiveCfg = Release|Any CPU
		{E6FAC357-45D0-4C6A-8AE1-DB8C7A011B80}.Release|Any CPU.Build.0 = Release|Any CPU
		{E6FAC357-45D0-4C6A-8AE1-DB8C7A011B80}.Release|x64.ActiveCfg = Release|Any CPU
		{E6FAC357-45D0-4C6A-8AE1-DB8C7A011B80}.Release|x64.Build.0 = Release|Any CPU
		{E6FAC357-45D0-4C6A-8AE1-DB8C7A011B80}.Release|x86.ActiveCfg = Release|Any CPU
		{E6FAC357-45D0-4C6A-8AE1-DB8C7A011B80}.Release|x86.Build.0 = Release|Any CPU
		{2F4D598B-9EFA-4B29-A917-B13C5B78000F}.Debug|Any CPU.ActiveCfg = Debug|Any CPU
		{2F4D598B-9EFA-4B29-A917-B13C5B78000F}.Debug|Any CPU.Build.0 = Debug|Any CPU
		{2F4D598B-9EFA-4B29-A917-B13C5B78000F}.Debug|x64.ActiveCfg = Debug|Any CPU
		{2F4D598B-9EFA-4B29-A917-B13C5B78000F}.Debug|x64.Build.0 = Debug|Any CPU
		{2F4D598B-9EFA-4B29-A917-B13C5B78000F}.Debug|x86.ActiveCfg = Debug|Any CPU
		{2F4D598B-9EFA-4B29-A917-B13C5B78000F}.Debug|x86.Build.0 = Debug|Any CPU
		{2F4D598B-9EFA-4B29-A917-B13C5B78000F}.Release|Any CPU.ActiveCfg = Release|Any CPU
		{2F4D598B-9EFA-4B29-A917-B13C5B78000F}.Release|Any CPU.Build.0 = Release|Any CPU
		{2F4D598B-9EFA-4B29-A917-B13C5B78000F}.Release|x64.ActiveCfg = Release|Any CPU
		{2F4D598B-9EFA-4B29-A917-B13C5B78000F}.Release|x64.Build.0 = Release|Any CPU
		{2F4D598B-9EFA-4B29-A917-B13C5B78000F}.Release|x86.ActiveCfg = Release|Any CPU
		{2F4D598B-9EFA-4B29-A917-B13C5B78000F}.Release|x86.Build.0 = Release|Any CPU
	EndGlobalSection
EndGlobal
